
Microsoft Visual Studio Solution File, Format Version 12.00
# Visual Studio Version 17
VisualStudioVersion = 17.12.35707.178 d17.12
MinimumVisualStudioVersion = 10.0.40219.1
Project("{FAE04EC0-301F-11D3-BF4B-00C04F79EFBC}") = "CSharpWebApi", "CSharpWebApi\CSharpWebApi.csproj", "{45EB861A-1D49-4F8F-AD45-ACFC6BDF2236}"
EndProject
Project("{FAE04EC0-301F-11D3-BF4B-00C04F79EFBC}") = "CSharpWebApi.Test", "CSharpWebApi.Test\CSharpWebApi.Test.csproj", "{9199A2E1-FD67-486F-A479-B5216F789D33}"
EndProject
Global
	GlobalSection(SolutionConfigurationPlatforms) = preSolution
		Debug|Any CPU = Debug|Any CPU
		Release|Any CPU = Release|Any CPU
	EndGlobalSection
	GlobalSection(ProjectConfigurationPlatforms) = postSolution
		{45EB861A-1D49-4F8F-AD45-ACFC6BDF2236}.Debug|Any CPU.ActiveCfg = Debug|Any CPU
		{45EB861A-1D49-4F8F-AD45-ACFC6BDF2236}.Debug|Any CPU.Build.0 = Debug|Any CPU
		{45EB861A-1D49-4F8F-AD45-ACFC6BDF2236}.Release|Any CPU.ActiveCfg = Release|Any CPU
		{45EB861A-1D49-4F8F-AD45-ACFC6BDF2236}.Release|Any CPU.Build.0 = Release|Any CPU
		{9199A2E1-FD67-486F-A479-B5216F789D33}.Debug|Any CPU.ActiveCfg = Debug|Any CPU
		{9199A2E1-FD67-486F-A479-B5216F789D33}.Debug|Any CPU.Build.0 = Debug|Any CPU
		{9199A2E1-FD67-486F-A479-B5216F789D33}.Release|Any CPU.ActiveCfg = Release|Any CPU
		{9199A2E1-FD67-486F-A479-B5216F789D33}.Release|Any CPU.Build.0 = Release|Any CPU
	EndGlobalSection
	GlobalSection(SolutionProperties) = preSolution
		HideSolutionNode = FALSE
	EndGlobalSection
EndGlobal
